{
  "name": "app",
  "lockfileVersion": 3,
  "requires": true,
  "packages": {
    "": {
      "dependencies": {
        "@tsndr/cloudflare-worker-jwt": "^3.2.3",
        "bcryptjs": "^3.0.3",
        "hono": "^4.13.8"
      },
      "devDependencies": {
        "@types/bcryptjs": "^2.4.6"
      }
    },
    "node_modules/@tsndr/cloudflare-worker-jwt": {
      "version": "3.2.3",
      "resolved": "https://registry.npmjs.org/@tsndr/cloudflare-worker-jwt/-/cloudflare-worker-jwt-3.2.3.tgz",
      "integrity": "sha512-qAwqvhtO0d6Ixsxpi3a01HKCLQlwwjBxDoqF/6fvMEWgW/fdjE3AE8GqO8lQilryBilNX9wNR8p6vMbVWyzJ4Q==",
      "license": "MIT"
    },
    "node_modules/@types/bcryptjs": {
      "version": "2.4.6",
      "resolved": "https://registry.npmjs.org/@types/bcryptjs/-/bcryptjs-2.4.6.tgz",
      "integrity": "sha512-9xlo6R2qDs5uixm0bcIqCeMCE6HiQsIyel9KQySStiyqNl2tnj2mP3DX1Nf56MD6KMenNNlBBsy3LJ7gUEQPXQ==",
      "dev": true,
      "license": "MIT"
    },
    "node_modules/bcryptjs": {
      "version": "3.0.3",
      "resolved": "https://registry.npmjs.org/bcryptjs/-/bcryptjs-3.0.3.tgz",
      "integrity": "sha512-GlF5wPWnSa/X5LKM1o0wz0suXIINz1iHRLvTS+sLyi7XPbe5ycmYI3DlZqVGZZtDgl4DmasFg7gOB3JYbphV5g==",
      "license": "BSD-3-Clause",
      "bin": {
        "bcrypt": "bin/bcrypt"
      }
    },
    "node_modules/hono": {
      "version": "4.13.8",
      "resolved": "https://registry.npmjs.org/hono/-/hono-4.13.8.tgz",
      "integrity": "sha512-/Gng7NfoykZl2pjukW5Z6+8Yxm3BPRf86GTbQnt0SbySkvax4fyL4H3HhY1cCpBGmiW9XDRFzRV+CXK2W8QudQ==",
      "license": "MIT",
      "engines": {
        "node": ">=16.9.0"
      }
    }
  }
}
